
Microsoft Visual Studio Solution File, Format Version 12.00
# Visual Studio Version 16
VisualStudioVersion = 16.0.31515.178
MinimumVisualStudioVersion = 10.0.40219.1
Project("{FAE04EC0-301F-11D3-BF4B-00C04F79EFBC}") = "SecondConsoleApp", "SecondConsoleApp\SecondConsoleApp.csproj", "{A0C3B508-97F9-4537-88F5-04E09C01DF84}"
EndProject
Project("{FAE04EC0-301F-11D3-BF4B-00C04F79EFBC}") = "Karesi2", "Karesi2\Karesi2.csproj", "{F94CDD69-E8DF-424F-9B1C-7D3862E5B02B}"
EndProject
Global
	GlobalSection(SolutionConfigurationPlatforms) = preSolution
		Debug|Any CPU = Debug|Any CPU
		Release|Any CPU = Release|Any CPU
	EndGlobalSection
	GlobalSection(ProjectConfigurationPlatforms) = postSolution
		{A0C3B508-97F9-4537-88F5-04E09C01DF84}.Debug|Any CPU.ActiveCfg = Debug|Any CPU
		{A0C3B508-97F9-4537-88F5-04E09C01DF84}.Debug|Any CPU.Build.0 = Debug|Any CPU
		{A0C3B508-97F9-4537-88F5-04E09C01DF84}.Release|Any CPU.ActiveCfg = Release|Any CPU
		{A0C3B508-97F9-4537-88F5-04E09C01DF84}.Release|Any CPU.Build.0 = Release|Any CPU
		{F94CDD69-E8DF-424F-9B1C-7D3862E5B02B}.Debug|Any CPU.ActiveCfg = Debug|Any CPU
		{F94CDD69-E8DF-424F-9B1C-7D3862E5B02B}.Debug|Any CPU.Build.0 = Debug|Any CPU
		{F94CDD69-E8DF-424F-9B1C-7D3862E5B02B}.Release|Any CPU.ActiveCfg = Release|Any CPU
		{F94CDD69-E8DF-424F-9B1C-7D3862E5B02B}.Release|Any CPU.Build.0 = Release|Any CPU
	EndGlobalSection
	GlobalSection(SolutionProperties) = preSolution
		HideSolutionNode = FALSE
	EndGlobalSection
	GlobalSection(ExtensibilityGlobals) = postSolution
		SolutionGuid = {73926426-DED9-4378-83A2-90DEB4FF8329}
	EndGlobalSection
EndGlobal
